// !$*UTF8*$!
{
	archiveVersion = 1;
	classes = {
	};
	objectVersion = 51;
	objects = {

/* Begin PBXBuildFile section */
		0A54B11614CEFE6CF6DFD377 /* Pods_InstagramClone.framework in Frameworks */ = {isa = PBXBuildFile; fileRef = CD71567D0D0922CCA0B4EEF5 /* Pods_InstagramClone.framework */; };
		4B01A5EB254FAC0000785AEC /* CommentCell.swift in Sources */ = {isa = PBXBuildFile; fileRef = 4B01A5EA254FAC0000785AEC /* CommentCell.swift */; };
		4BCA90BB2543CC1B002BC285 /* AppDelegate.swift in Sources */ = {isa = PBXBuildFile; fileRef = 4BCA90BA2543CC1B002BC285 /* AppDelegate.swift */; };
		4BCA90BD2543CC1B002BC285 /* SceneDelegate.swift in Sources */ = {isa = PBXBuildFile; fileRef = 4BCA90BC2543CC1B002BC285 /* SceneDelegate.swift */; };
		4BCA90C22543CC1B002BC285 /* Main.storyboard in Resources */ = {isa = PBXBuildFile; fileRef = 4BCA90C02543CC1B002BC285 /* Main.storyboard */; };
		4BCA90C42543CC20002BC285 /* Assets.xcassets in Resources */ = {isa = PBXBuildFile; fileRef = 4BCA90C32543CC20002BC285 /* Assets.xcassets */; };
		4BCA90C72543CC20002BC285 /* LaunchScreen.storyboard in Resources */ = {isa = PBXBuildFile; fileRef = 4BCA90C52543CC20002BC285 /* LaunchScreen.storyboard */; };
		4BCA90D22543CC20002BC285 /* InstagramCloneTests.swift in Sources */ = {isa = PBXBuildFile; fileRef = 4BCA90D12543CC20002BC285 /* InstagramCloneTests.swift */; };
		4BCA90DD2543CC20002BC285 /* InstagramCloneUITests.swift in Sources */ = {isa = PBXBuildFile; fileRef = 4BCA90DC2543CC20002BC285 /* InstagramCloneUITests.swift */; };
		4BCA90EB2543D369002BC285 /* LoginViewController.swift in Sources */ = {isa = PBXBuildFile; fileRef = 4BCA90EA2543D369002BC285 /* LoginViewController.swift */; };
		4BCA90ED2543D372002BC285 /* FeedViewController.swift in Sources */ = {isa = PBXBuildFile; fileRef = 4BCA90EC2543D372002BC285 /* FeedViewController.swift */; };
		4BCA90EF2543DC35002BC285 /* CameraViewController.swift in Sources */ = {isa = PBXBuildFile; fileRef = 4BCA90EE2543DC35002BC285 /* CameraViewController.swift */; };
		4BCA90F12544024B002BC285 /* PostCell.swift in Sources */ = {isa = PBXBuildFile; fileRef = 4BCA90F02544024B002BC285 /* PostCell.swift */; };
/* End PBXBuildFile section */

/* Begin PBXContainerItemProxy section */
		4BCA90CE2543CC20002BC285 /* PBXContainerItemProxy */ = {
			isa = PBXContainerItemProxy;
			containerPortal = 4BCA90AF2543CC1B002BC285 /* Project object */;
			proxyType = 1;
			remoteGlobalIDString = 4BCA90B62543CC1B002BC285;
			remoteInfo = InstagramClone;
		};
		4BCA90D92543CC20002BC285 /* PBXContainerItemProxy */ = {
			isa = PBXContainerItemProxy;
			containerPortal = 4BCA90AF2543CC1B002BC285 /* Project object */;
			proxyType = 1;
			remoteGlobalIDString = 4BCA90B62543CC1B002BC285;
			remoteInfo = InstagramClone;
		};
/* End PBXContainerItemProxy section */

/* Begin PBXFileReference section */
		48946D6F426D57BF73D64376 /* Pods-InstagramClone.debug.xcconfig */ = {isa = PBXFileReference; includeInIndex = 1; lastKnownFileType = text.xcconfig; name = "Pods-InstagramClone.debug.xcconfig"; path = "Target Support Files/Pods-InstagramClone/Pods-InstagramClone.debug.xcconfig"; sourceTree = "<group>"; };
		4B01A5EA254FAC0000785AEC /* CommentCell.swift */ = {isa = PBXFileReference; lastKnownFileType = sourcecode.swift; path = CommentCell.swift; sourceTree = "<group>"; };
		4BCA90B72543CC1B002BC285 /* InstagramClone.app */ = {isa = PBXFileReference; explicitFileType = wrapper.application; includeInIndex = 0; path = InstagramClone.app; sourceTree = BUILT_PRODUCTS_DIR; };
		4BCA90BA2543CC1B002BC285 /* AppDelegate.swift */ = {isa = PBXFileReference; lastKnownFileType = sourcecode.swift; path = AppDelegate.swift; sourceTree = "<group>"; };
		4BCA90BC2543CC1B002BC285 /* SceneDelegate.swift */ = {isa = PBXFileReference; lastKnownFileType = sourcecode.swift; path = SceneDelegate.swift; sourceTree = "<group>"; };
		4BCA90C12543CC1B002BC285 /* Base */ = {isa = PBXFileReference; lastKnownFileType = file.storyboard; name = Base; path = Base.lproj/Main.storyboard; sourceTree = "<group>"; };
		4BCA90C32543CC20002BC285 /* Assets.xcassets */ = {isa = PBXFileReference; lastKnownFileType = folder.assetcatalog; path = Assets.xcassets; sourceTree = "<group>"; };
		4BCA90C62543CC20002BC285 /* Base */ = {isa = PBXFileReference; lastKnownFileType = file.storyboard; name = Base; path = Base.lproj/LaunchScreen.storyboard; sourceTree = "<group>"; };
		4BCA90C82543CC20002BC285 /* Info.plist */ = {isa = PBXFileReference; lastKnownFileType = text.plist.xml; path = Info.plist; sourceTree = "<group>"; };
		4BCA90CD2543CC20002BC285 /* InstagramCloneTests.xctest */ = {isa = PBXFileReference; explicitFileType = wrapper.cfbundle; includeInIndex = 0; path = InstagramCloneTests.xctest; sourceTree = BUILT_PRODUCTS_DIR; };
		4BCA90D12543CC20002BC285 /* InstagramCloneTests.swift */ = {isa = PBXFileReference; lastKnownFileType = sourcecode.swift; path = InstagramCloneTests.swift; sourceTree = "<group>"; };
		4BCA90D32543CC20002BC285 /* Info.plist */ = {isa = PBXFileReference; lastKnownFileType = text.plist.xml; path = Info.plist; sourceTree = "<group>"; };
		4BCA90D82543CC20002BC285 /* InstagramCloneUITests.xctest */ = {isa = PBXFileReference; explicitFileType = wrapper.cfbundle; includeInIndex = 0; path = InstagramCloneUITests.xctest; sourceTree = BUILT_PRODUCTS_DIR; };
		4BCA90DC2543CC20002BC285 /* InstagramCloneUITests.swift */ = {isa = PBXFileReference; lastKnownFileType = sourcecode.swift; path = InstagramCloneUITests.swift; sourceTree = "<group>"; };
		4BCA90DE2543CC20002BC285 /* Info.plist */ = {isa = PBXFileReference; lastKnownFileType = text.plist.xml; path = Info.plist; sourceTree = "<group>"; };
		4BCA90EA2543D369002BC285 /* LoginViewController.swift */ = {isa = PBXFileReference; lastKnownFileType = sourcecode.swift; path = LoginViewController.swift; sourceTree = "<group>"; };
		4BCA90EC2543D372002BC285 /* FeedViewController.swift */ = {isa = PBXFileReference; lastKnownFileType = sourcecode.swift; path = FeedViewController.swift; sourceTree = "<group>"; };
		4BCA90EE2543DC35002BC285 /* CameraViewController.swift */ = {isa = PBXFileReference; lastKnownFileType = sourcecode.swift; path = CameraViewController.swift; sourceTree = "<group>"; };
		4BCA90F02544024B002BC285 /* PostCell.swift */ = {isa = PBXFileReference; lastKnownFileType = sourcecode.swift; path = PostCell.swift; sourceTree = "<group>"; };
		6E585F66B6B7A0D20A3E44CF /* Pods-InstagramClone.release.xcconfig */ = {isa = PBXFileReference; includeInIndex = 1; lastKnownFileType = text.xcconfig; name = "Pods-InstagramClone.release.xcconfig"; path = "Target Support Files/Pods-InstagramClone/Pods-InstagramClone.release.xcconfig"; sourceTree = "<group>"; };
		CD71567D0D0922CCA0B4EEF5 /* Pods_InstagramClone.framework */ = {isa = PBXFileReference; explicitFileType = wrapper.framework; includeInIndex = 0; path = Pods_InstagramClone.framework; sourceTree = BUILT_PRODUCTS_DIR; };
/* End PBXFileReference section */

/* Begin PBXFrameworksBuildPhase section */
		4BCA90B42543CC1B002BC285 /* Frameworks */ = {
			isa = PBXFrameworksBuildPhase;
			buildActionMask = 2147483647;
			files = (
				0A54B11614CEFE6CF6DFD377 /* Pods_InstagramClone.framework in Frameworks */,
			);
			runOnlyForDeploymentPostprocessing = 0;
		};
		4BCA90CA2543CC20002BC285 /* Frameworks */ = {
			isa = PBXFrameworksBuildPhase;
			buildActionMask = 2147483647;
			files = (
			);
			runOnlyForDeploymentPostprocessing = 0;
		};
		4BCA90D52543CC20002BC285 /* Frameworks */ = {
			isa = PBXFrameworksBuildPhase;
			buildActionMask = 2147483647;
			files = (
			);
			runOnlyForDeploymentPostprocessing = 0;
		};
/* End PBXFrameworksBuildPhase section */

/* Begin PBXGroup section */
		182F45EC5EFFCBEDDBB54E86 /* Frameworks */ = {
			isa = PBXGroup;
			children = (
				CD71567D0D0922CCA0B4EEF5 /* Pods_InstagramClone.framework */,
			);
			name = Frameworks;
			sourceTree = "<group>";
		};
		1CBF1F76C0C69EB06D4EA8E3 /* Pods */ = {
			isa = PBXGroup;
			children = (
				48946D6F426D57BF73D64376 /* Pods-InstagramClone.debug.xcconfig */,
				6E585F66B6B7A0D20A3E44CF /* Pods-InstagramClone.release.xcconfig */,
			);
			path = Pods;
			sourceTree = "<group>";
		};
		4BCA90AE2543CC1B002BC285 = {
			isa = PBXGroup;
			children = (
				4BCA90B92543CC1B002BC285 /* InstagramClone */,
				4BCA90D02543CC20002BC285 /* InstagramCloneTests */,
				4BCA90DB2543CC20002BC285 /* InstagramCloneUITests */,
				4BCA90B82543CC1B002BC285 /* Products */,
				1CBF1F76C0C69EB06D4EA8E3 /* Pods */,
				182F45EC5EFFCBEDDBB54E86 /* Frameworks */,
			);
			sourceTree = "<group>";
		};
		4BCA90B82543CC1B002BC285 /* Products */ = {
			isa = PBXGroup;
			children = (
				4BCA90B72543CC1B002BC285 /* InstagramClone.app */,
				4BCA90CD2543CC20002BC285 /* InstagramCloneTests.xctest */,
				4BCA90D82543CC20002BC285 /* InstagramCloneUITests.xctest */,
			);
			name = Products;
			sourceTree = "<group>";
		};
		4BCA90B92543CC1B002BC285 /* InstagramClone */ = {
			isa = PBXGroup;
			children = (
				4BCA90BA2543CC1B002BC285 /* AppDelegate.swift */,
				4BCA90BC2543CC1B002BC285 /* SceneDelegate.swift */,
				4BCA90C02543CC1B002BC285 /* Main.storyboard */,
				4BCA90C32543CC20002BC285 /* Assets.xcassets */,
				4BCA90C52543CC20002BC285 /* LaunchScreen.storyboard */,
				4BCA90C82543CC20002BC285 /* Info.plist */,
				4BCA90EA2543D369002BC285 /* LoginViewController.swift */,
				4BCA90EC2543D372002BC285 /* FeedViewController.swift */,
				4BCA90EE2543DC35002BC285 /* CameraViewController.swift */,
				4BCA90F02544024B002BC285 /* PostCell.swift */,
				4B01A5EA254FAC0000785AEC /* CommentCell.swift */,
			);
			path = InstagramClone;
			sourceTree = "<group>";
		};
		4BCA90D02543CC20002BC285 /* InstagramCloneTests */ = {
			isa = PBXGroup;
			children = (
				4BCA90D12543CC20002BC285 /* InstagramCloneTests.swift */,
				4BCA90D32543CC20002BC285 /* Info.plist */,
			);
			path = InstagramCloneTests;
			sourceTree = "<group>";
		};
		4BCA90DB2543CC20002BC285 /* InstagramCloneUITests */ = {
			isa = PBXGroup;
			children = (
				4BCA90DC2543CC20002BC285 /* InstagramCloneUITests.swift */,
				4BCA90DE2543CC20002BC285 /* Info.plist */,
			);
			path = InstagramCloneUITests;
			sourceTree = "<group>";
		};
/* End PBXGroup section */

/* Begin PBXNativeTarget section */
		4BCA90B62543CC1B002BC285 /* InstagramClone */ = {
			isa = PBXNativeTarget;
			buildConfigurationList = 4BCA90E12543CC20002BC285 /* Build configuration list for PBXNativeTarget "InstagramClone" */;
			buildPhases = (
				2B7FEB23DE69A4B501F8D74D /* [CP] Check Pods Manifest.lock */,
				4BCA90B32543CC1B002BC285 /* Sources */,
				4BCA90B42543CC1B002BC285 /* Frameworks */,
				4BCA90B52543CC1B002BC285 /* Resources */,
				1DD13519FF3D885C3598A543 /* [CP] Embed Pods Frameworks */,
			);
			buildRules = (
			);
			dependencies = (
			);
			name = InstagramClone;
			productName = InstagramClone;
			productReference = 4BCA90B72543CC1B002BC285 /* InstagramClone.app */;
			productType = "com.apple.product-type.application";
		};
		4BCA90CC2543CC20002BC285 /* InstagramCloneTests */ = {
			isa = PBXNativeTarget;
			buildConfigurationList = 4BCA90E42543CC20002BC285 /* Build configuration list for PBXNativeTarget "InstagramCloneTests" */;
			buildPhases = (
				4BCA90C92543CC20002BC285 /* Sources */,
				4BCA90CA2543CC20002BC285 /* Frameworks */,
				4BCA90CB2543CC20002BC285 /* Resources */,
			);
			buildRules = (
			);
			dependencies = (
				4BCA90CF2543CC20002BC285 /* PBXTargetDependency */,
			);
			name = InstagramCloneTests;
			productName = InstagramCloneTests;
			productReference = 4BCA90CD2543CC20002BC285 /* InstagramCloneTests.xctest */;
			productType = "com.apple.product-type.bundle.unit-test";
		};
		4BCA90D72543CC20002BC285 /* InstagramCloneUITests */ = {
			isa = PBXNativeTarget;
			buildConfigurationList = 4BCA90E72543CC20002BC285 /* Build configuration list for PBXNativeTarget "InstagramCloneUITests" */;
			buildPhases = (
				4BCA90D42543CC20002BC285 /* Sources */,
				4BCA90D52543CC20002BC285 /* Frameworks */,
				4BCA90D62543CC20002BC285 /* Resources */,
			);
			buildRules = (
			);
			dependencies = (
				4BCA90DA2543CC20002BC285 /* PBXTargetDependency */,
			);
			name = InstagramCloneUITests;
			productName = InstagramCloneUITests;
			productReference = 4BCA90D82543CC20002BC285 /* InstagramCloneUITests.xctest */;
			productType = "com.apple.product-type.bundle.ui-testing";
		};
/* End PBXNativeTarget section */

/* Begin PBXProject section */
		4BCA90AF2543CC1B002BC285 /* Project object */ = {
			isa = PBXProject;
			attributes = {
				LastSwiftUpdateCheck = 1170;
				LastUpgradeCheck = 1170;
				ORGANIZATIONNAME = Codepath;
				TargetAttributes = {
					4BCA90B62543CC1B002BC285 = {
						CreatedOnToolsVersion = 11.7;
					};
					4BCA90CC2543CC20002BC285 = {
						CreatedOnToolsVersion = 11.7;
						TestTargetID = 4BCA90B62543CC1B002BC285;
					};
					4BCA90D72543CC20002BC285 = {
						CreatedOnToolsVersion = 11.7;
						TestTargetID = 4BCA90B62543CC1B002BC285;
					};
				};
			};
			buildConfigurationList = 4BCA90B22543CC1B002BC285 /* Build configuration list for PBXProject "InstagramClone" */;
			compatibilityVersion = "Xcode 9.3";
			developmentRegion = en;
			hasScannedForEncodings = 0;
			knownRegions = (
				en,
				Base,
			);
			mainGroup = 4BCA90AE2543CC1B002BC285;
			productRefGroup = 4BCA90B82543CC1B002BC285 /* Products */;
			projectDirPath = "";
			projectRoot = "";
			targets = (
				4BCA90B62543CC1B002BC285 /* InstagramClone */,
				4BCA90CC2543CC20002BC285 /* InstagramCloneTests */,
				4BCA90D72543CC20002BC285 /* InstagramCloneUITests */,
			);
		};
/* End PBXProject section */

/* Begin PBXResourcesBuildPhase section */
		4BCA90B52543CC1B002BC285 /* Resources */ = {
			isa = PBXResourcesBuildPhase;
			buildActionMask = 2147483647;
			files = (
				4BCA90C72543CC20002BC285 /* LaunchScreen.storyboard in Resources */,
				4BCA90C42543CC20002BC285 /* Assets.xcassets in Resources */,
				4BCA90C22543CC1B002BC285 /* Main.storyboard in Resources */,
			);
			runOnlyForDeploymentPostprocessing = 0;
		};
		4BCA90CB2543CC20002BC285 /* Resources */ = {
			isa = PBXResourcesBuildPhase;
			buildActionMask = 2147483647;
			files = (
			);
			runOnlyForDeploymentPostprocessing = 0;
		};
		4BCA90D62543CC20002BC285 /* Resources */ = {
			isa = PBXResourcesBuildPhase;
			buildActionMask = 2147483647;
			files = (
			);
			runOnlyForDeploymentPostprocessing = 0;
		};
/* End PBXResourcesBuildPhase section */

/* Begin PBXShellScriptBuildPhase section */
		1DD13519FF3D885C3598A543 /* [CP] Embed Pods Frameworks */ = {
			isa = PBXShellScriptBuildPhase;
			buildActionMask = 2147483647;
			files = (
			);
			inputFileListPaths = (
				"${PODS_ROOT}/Target Support Files/Pods-InstagramClone/Pods-InstagramClone-frameworks-${CONFIGURATION}-input-files.xcfilelist",
			);
			name = "[CP] Embed Pods Frameworks";
			outputFileListPaths = (
				"${PODS_ROOT}/Target Support Files/Pods-InstagramClone/Pods-InstagramClone-frameworks-${CONFIGURATION}-output-files.xcfilelist",
			);
			runOnlyForDeploymentPostprocessing = 0;
			shellPath = /bin/sh;
			shellScript = "\"${PODS_ROOT}/Target Support Files/Pods-InstagramClone/Pods-InstagramClone-frameworks.sh\"\n";
			showEnvVarsInLog = 0;
		};
		2B7FEB23DE69A4B501F8D74D /* [CP] Check Pods Manifest.lock */ = {
			isa = PBXShellScriptBuildPhase;
			buildActionMask = 2147483647;
			files = (
			);
			inputFileListPaths = (
			);
			inputPaths = (
				"${PODS_PODFILE_DIR_PATH}/Podfile.lock",
				"${PODS_ROOT}/Manifest.lock",
			);
			name = "[CP] Check Pods Manifest.lock";
			outputFileListPaths = (
			);
			outputPaths = (
				"$(DERIVED_FILE_DIR)/Pods-InstagramClone-checkManifestLockResult.txt",
			);
			runOnlyForDeploymentPostprocessing = 0;
			shellPath = /bin/sh;
			shellScript = "diff \"${PODS_PODFILE_DIR_PATH}/Podfile.lock\" \"${PODS_ROOT}/Manifest.lock\" > /dev/null\nif [ $? != 0 ] ; then\n    # print error to STDERR\n    echo \"error: The sandbox is not in sync with the Podfile.lock. Run 'pod install' or update your CocoaPods installation.\" >&2\n    exit 1\nfi\n# This output is used by Xcode 'outputs' to avoid re-running this script phase.\necho \"SUCCESS\" > \"${SCRIPT_OUTPUT_FILE_0}\"\n";
			showEnvVarsInLog = 0;
		};
/* End PBXShellScriptBuildPhase section */

/* Begin PBXSourcesBuildPhase section */
		4BCA90B32543CC1B002BC285 /* Sources */ = {
			isa = PBXSourcesBuildPhase;
			buildActionMask = 2147483647;
			files = (
				4BCA90EB2543D369002BC285 /* LoginViewController.swift in Sources */,
				4BCA90EF2543DC35002BC285 /* CameraViewController.swift in Sources */,
				4BCA90BB2543CC1B002BC285 /* AppDelegate.swift in Sources */,
				4BCA90ED2543D372002BC285 /* FeedViewController.swift in Sources */,
				4BCA90BD2543CC1B002BC285 /* SceneDelegate.swift in Sources */,
				4BCA90F12544024B002BC285 /* PostCell.swift in Sources */,
				4B01A5EB254FAC0000785AEC /* CommentCell.swift in Sources */,
			);
			runOnlyForDeploymentPostprocessing = 0;
		};
		4BCA90C92543CC20002BC285 /* Sources */ = {
			isa = PBXSourcesBuildPhase;
			buildActionMask = 2147483647;
			files = (
				4BCA90D22543CC20002BC285 /* InstagramCloneTests.swift in Sources */,
			);
			runOnlyForDeploymentPostprocessing = 0;
		};
		4BCA90D42543CC20002BC285 /* Sources */ = {
			isa = PBXSourcesBuildPhase;
			buildActionMask = 2147483647;
			files = (
				4BCA90DD2543CC20002BC285 /* InstagramCloneUITests.swift in Sources */,
			);
			runOnlyForDeploymentPostprocessing = 0;
		};
/* End PBXSourcesBuildPhase section */

/* Begin PBXTargetDependency section */
		4BCA90CF2543CC20002BC285 /* PBXTargetDependency */ = {
			isa = PBXTargetDependency;
			target = 4BCA90B62543CC1B002BC285 /* InstagramClone */;
			targetProxy = 4BCA90CE2543CC20002BC285 /* PBXContainerItemProxy */;
		};
		4BCA90DA2543CC20002BC285 /* PBXTargetDependency */ = {
			isa = PBXTargetDependency;
			target = 4BCA90B62543CC1B002BC285 /* InstagramClone */;
			targetProxy = 4BCA90D92543CC20002BC285 /* PBXContainerItemProxy */;
		};
/* End PBXTargetDependency section */

/* Begin PBXVariantGroup section */
		4BCA90C02543CC1B002BC285 /* Main.storyboard */ = {
			isa = PBXVariantGroup;
			children = (
				4BCA90C12543CC1B002BC285 /* Base */,
			);
			name = Main.storyboard;
			sourceTree = "<group>";
		};
		4BCA90C52543CC20002BC285 /* LaunchScreen.storyboard */ = {
			isa = PBXVariantGroup;
			children = (
				4BCA90C62543CC20002BC285 /* Base */,
			);
			name = LaunchScreen.storyboard;
			sourceTree = "<group>";
		};
/* End PBXVariantGroup section */

/* Begin XCBuildConfiguration section */
		4BCA90DF2543CC20002BC285 /* Debug */ = {
			isa = XCBuildConfiguration;
			buildSettings = {
				ALWAYS_SEARCH_USER_PATHS = NO;
				CLANG_ANALYZER_NONNULL = YES;
				CLANG_ANALYZER_NUMBER_OBJECT_CONVERSION = YES_AGGRESSIVE;
				CLANG_CXX_LANGUAGE_STANDARD = "gnu++14";
				CLANG_CXX_LIBRARY = "libc++";
				CLANG_ENABLE_MODULES = YES;
				CLANG_ENABLE_OBJC_ARC = YES;
				CLANG_ENABLE_OBJC_WEAK = YES;
				CLANG_WARN_BLOCK_CAPTURE_AUTORELEASING = YES;
				CLANG_WARN_BOOL_CONVERSION = YES;
				CLANG_WARN_COMMA = YES;
				CLANG_WARN_CONSTANT_CONVERSION = YES;
				CLANG_WARN_DEPRECATED_OBJC_IMPLEMENTATIONS = YES;
				CLANG_WARN_DIRECT_OBJC_ISA_USAGE = YES_ERROR;
				CLANG_WARN_DOCUMENTATION_COMMENTS = YES;
				CLANG_WARN_EMPTY_BODY = YES;
				CLANG_WARN_ENUM_CONVERSION = YES;
				CLANG_WARN_INFINITE_RECURSION = YES;
				CLANG_WARN_INT_CONVERSION = YES;
				CLANG_WARN_NON_LITERAL_NULL_CONVERSION = YES;
				CLANG_WARN_OBJC_IMPLICIT_RETAIN_SELF = YES;
				CLANG_WARN_OBJC_LITERAL_CONVERSION = YES;
				CLANG_WARN_OBJC_ROOT_CLASS = YES_ERROR;
				CLANG_WARN_RANGE_LOOP_ANALYSIS = YES;
				CLANG_WARN_STRICT_PROTOTYPES = YES;
				CLANG_WARN_SUSPICIOUS_MOVE = YES;
				CLANG_WARN_UNGUARDED_AVAILABILITY = YES_AGGRESSIVE;
				CLANG_WARN_UNREACHABLE_CODE = YES;
				CLANG_WARN__DUPLICATE_METHOD_MATCH = YES;
				COPY_PHASE_STRIP = NO;
				DEBUG_INFORMATION_FORMAT = dwarf;
				ENABLE_STRICT_OBJC_MSGSEND = YES;
				ENABLE_TESTABILITY = YES;
				GCC_C_LANGUAGE_STANDARD = gnu11;
				GCC_DYNAMIC_NO_PIC = NO;
				GCC_NO_COMMON_BLOCKS = YES;
				GCC_OPTIMIZATION_LEVEL = 0;
				GCC_PREPROCESSOR_DEFINITIONS = (
					"DEBUG=1",
					"$(inherited)",
				);
				GCC_WARN_64_TO_32_BIT_CONVERSION = YES;
				GCC_WARN_ABOUT_RETURN_TYPE = YES_ERROR;
				GCC_WARN_UNDECLARED_SELECTOR = YES;
				GCC_WARN_UNINITIALIZED_AUTOS = YES_AGGRESSIVE;
				GCC_WARN_UNUSED_FUNCTION = YES;
				GCC_WARN_UNUSED_VARIABLE = YES;
				IPHONEOS_DEPLOYMENT_TARGET = 13.7;
				MTL_ENABLE_DEBUG_INFO = INCLUDE_SOURCE;
				MTL_FAST_MATH = YES;
				ONLY_ACTIVE_ARCH = YES;
				SDKROOT = iphoneos;
				SWIFT_ACTIVE_COMPILATION_CONDITIONS = DEBUG;
				SWIFT_OPTIMIZATION_LEVEL = "-Onone";
			};
			name = Debug;
		};
		4BCA90E02543CC20002BC285 /* Release */ = {
			isa = XCBuildConfiguration;
			buildSettings = {
				ALWAYS_SEARCH_USER_PATHS = NO;
				CLANG_ANALYZER_NONNULL = YES;
				CLANG_ANALYZER_NUMBER_OBJECT_CONVERSION = YES_AGGRESSIVE;
				CLANG_CXX_LANGUAGE_STANDARD = "gnu++14";
				CLANG_CXX_LIBRARY = "libc++";
				CLANG_ENABLE_MODULES = YES;
				CLANG_ENABLE_OBJC_ARC = YES;
				CLANG_ENABLE_OBJC_WEAK = YES;
				CLANG_WARN_BLOCK_CAPTURE_AUTORELEASING = YES;
				CLANG_WARN_BOOL_CONVERSION = YES;
				CLANG_WARN_COMMA = YES;
				CLANG_WARN_CONSTANT_CONVERSION = YES;
				CLANG_WARN_DEPRECATED_OBJC_IMPLEMENTATIONS = YES;
				CLANG_WARN_DIRECT_OBJC_ISA_USAGE = YES_ERROR;
				CLANG_WARN_DOCUMENTATION_COMMENTS = YES;
				CLANG_WARN_EMPTY_BODY = YES;
				CLANG_WARN_ENUM_CONVERSION = YES;
				CLANG_WARN_INFINITE_RECURSION = YES;
				CLANG_WARN_INT_CONVERSION = YES;
				CLANG_WARN_NON_LITERAL_NULL_CONVERSION = YES;
				CLANG_WARN_OBJC_IMPLICIT_RETAIN_SELF = YES;
				CLANG_WARN_OBJC_LITERAL_CONVERSION = YES;
				CLANG_WARN_OBJC_ROOT_CLASS = YES_ERROR;
				CLANG_WARN_RANGE_LOOP_ANALYSIS = YES;
				CLANG_WARN_STRICT_PROTOTYPES = YES;
				CLANG_WARN_SUSPICIOUS_MOVE = YES;
				CLANG_WARN_UNGUARDED_AVAILABILITY = YES_AGGRESSIVE;
				CLANG_WARN_UNREACHABLE_CODE = YES;
				CLANG_WARN__DUPLICATE_METHOD_MATCH = YES;
				COPY_PHASE_STRIP = NO;
				DEBUG_INFORMATION_FORMAT = "dwarf-with-dsym";
				ENABLE_NS_ASSERTIONS = NO;
				ENABLE_STRICT_OBJC_MSGSEND = YES;
				GCC_C_LANGUAGE_STANDARD = gnu11;
				GCC_NO_COMMON_BLOCKS = YES;
				GCC_WARN_64_TO_32_BIT_CONVERSION = YES;
				GCC_WARN_ABOUT_RETURN_TYPE = YES_ERROR;
				GCC_WARN_UNDECLARED_SELECTOR = YES;
				GCC_WARN_UNINITIALIZED_AUTOS = YES_AGGRESSIVE;
				GCC_WARN_UNUSED_FUNCTION = YES;
				GCC_WARN_UNUSED_VARIABLE = YES;
				IPHONEOS_DEPLOYMENT_TARGET = 13.7;
				MTL_ENABLE_DEBUG_INFO = NO;
				MTL_FAST_MATH = YES;
				SDKROOT = iphoneos;
				SWIFT_COMPILATION_MODE = wholemodule;
				SWIFT_OPTIMIZATION_LEVEL = "-O";
				VALIDATE_PRODUCT = YES;
			};
			name = Release;
		};
		4BCA90E22543CC20002BC285 /* Debug */ = {
			isa = XCBuildConfiguration;
			baseConfigurationReference = 48946D6F426D57BF73D64376 /* Pods-InstagramClone.debug.xcconfig */;
			buildSettings = {
				ASSETCATALOG_COMPILER_APPICON_NAME = AppIcon;
				CODE_SIGN_STYLE = Automatic;
				INFOPLIST_FILE = InstagramClone/Info.plist;
				LD_RUNPATH_SEARCH_PATHS = (
					"$(inherited)",
					"@executable_path/Frameworks",
				);
				PRODUCT_BUNDLE_IDENTIFIER = Codepath.InstagramClone;
				PRODUCT_NAME = "$(TARGET_NAME)";
				SWIFT_VERSION = 5.0;
				TARGETED_DEVICE_FAMILY = "1,2";
			};
			name = Debug;
		};
		4BCA90E32543CC20002BC285 /* Release */ = {
			isa = XCBuildConfiguration;
			baseConfigurationReference = 6E585F66B6B7A0D20A3E44CF /* Pods-InstagramClone.release.xcconfig */;
			buildSettings = {
				ASSETCATALOG_COMPILER_APPICON_NAME = AppIcon;
				CODE_SIGN_STYLE = Automatic;
				INFOPLIST_FILE = InstagramClone/Info.plist;
				LD_RUNPATH_SEARCH_PATHS = (
					"$(inherited)",
					"@executable_path/Frameworks",
				);
				PRODUCT_BUNDLE_IDENTIFIER = Codepath.InstagramClone;
				PRODUCT_NAME = "$(TARGET_NAME)";
				SWIFT_VERSION = 5.0;
				TARGETED_DEVICE_FAMILY = "1,2";
			};
			name = Release;
		};
		4BCA90E52543CC20002BC285 /* Debug */ = {
			isa = XCBuildConfiguration;
			buildSettings = {
				ALWAYS_EMBED_SWIFT_STANDARD_LIBRARIES = YES;
				BUNDLE_LOADER = "$(TEST_HOST)";
				CODE_SIGN_STYLE = Automatic;
				INFOPLIST_FILE = InstagramCloneTests/Info.plist;
				IPHONEOS_DEPLOYMENT_TARGET = 13.7;
				LD_RUNPATH_SEARCH_PATHS = (
					"$(inherited)",
					"@executable_path/Frameworks",
					"@loader_path/Frameworks",
				);
				PRODUCT_BUNDLE_IDENTIFIER = Codepath.InstagramCloneTests;
				PRODUCT_NAME = "$(TARGET_NAME)";
				SWIFT_VERSION = 5.0;
				TARGETED_DEVICE_FAMILY = "1,2";
				TEST_HOST = "$(BUILT_PRODUCTS_DIR)/InstagramClone.app/InstagramClone";
			};
			name = Debug;
		};
		4BCA90E62543CC20002BC285 /* Release */ = {
			isa = XCBuildConfiguration;
			buildSettings = {
				ALWAYS_EMBED_SWIFT_STANDARD_LIBRARIES = YES;
				BUNDLE_LOADER = "$(TEST_HOST)";
				CODE_SIGN_STYLE = Automatic;
				INFOPLIST_FILE = InstagramCloneTests/Info.plist;
				IPHONEOS_DEPLOYMENT_TARGET = 13.7;
				LD_RUNPATH_SEARCH_PATHS = (
					"$(inherited)",
					"@executable_path/Frameworks",
					"@loader_path/Frameworks",
				);
				PRODUCT_BUNDLE_IDENTIFIER = Codepath.InstagramCloneTests;
				PRODUCT_NAME = "$(TARGET_NAME)";
				SWIFT_VERSION = 5.0;
				TARGETED_DEVICE_FAMILY = "1,2";
				TEST_HOST = "$(BUILT_PRODUCTS_DIR)/InstagramClone.app/InstagramClone";
			};
			name = Release;
		};
		4BCA90E82543CC20002BC285 /* Debug */ = {
			isa = XCBuildConfiguration;
			buildSettings = {
				ALWAYS_EMBED_SWIFT_STANDARD_LIBRARIES = YES;
				CODE_SIGN_STYLE = Automatic;
				INFOPLIST_FILE = InstagramCloneUITests/Info.plist;
				LD_RUNPATH_SEARCH_PATHS = (
					"$(inherited)",
					"@executable_path/Frameworks",
					"@loader_path/Frameworks",
				);
				PRODUCT_BUNDLE_IDENTIFIER = Codepath.InstagramCloneUITests;
				PRODUCT_NAME = "$(TARGET_NAME)";
				SWIFT_VERSION = 5.0;
				TARGETED_DEVICE_FAMILY = "1,2";
				TEST_TARGET_NAME = InstagramClone;
			};
			name = Debug;
		};
		4BCA90E92543CC20002BC285 /* Release */ = {
			isa = XCBuildConfiguration;
			buildSettings = {
				ALWAYS_EMBED_SWIFT_STANDARD_LIBRARIES = YES;
				CODE_SIGN_STYLE = Automatic;
				INFOPLIST_FILE = InstagramCloneUITests/Info.plist;
				LD_RUNPATH_SEARCH_PATHS = (
					"$(inherited)",
					"@executable_path/Frameworks",
					"@loader_path/Frameworks",
				);
				PRODUCT_BUNDLE_IDENTIFIER = Codepath.InstagramCloneUITests;
				PRODUCT_NAME = "$(TARGET_NAME)";
				SWIFT_VERSION = 5.0;
				TARGETED_DEVICE_FAMILY = "1,2";
				TEST_TARGET_NAME = InstagramClone;
			};
			name = Release;
		};
/* End XCBuildConfiguration section */

/* Begin XCConfigurationList section */
		4BCA90B22543CC1B002BC285 /* Build configuration list for PBXProject "InstagramClone" */ = {
			isa = XCConfigurationList;
			buildConfigurations = (
				4BCA90DF2543CC20002BC285 /* Debug */,
				4BCA90E02543CC20002BC285 /* Release */,
			);
			defaultConfigurationIsVisible = 0;
			defaultConfigurationName = Release;
		};
		4BCA90E12543CC20002BC285 /* Build configuration list for PBXNativeTarget "InstagramClone" */ = {
			isa = XCConfigurationList;
			buildConfigurations = (
				4BCA90E22543CC20002BC285 /* Debug */,
				4BCA90E32543CC20002BC285 /* Release */,
			);
			defaultConfigurationIsVisible = 0;
			defaultConfigurationName = Release;
		};
		4BCA90E42543CC20002BC285 /* Build configuration list for PBXNativeTarget "InstagramCloneTests" */ = {
			isa = XCConfigurationList;
			buildConfigurations = (
				4BCA90E52543CC20002BC285 /* Debug */,
				4BCA90E62543CC20002BC285 /* Release */,
			);
			defaultConfigurationIsVisible = 0;
			defaultConfigurationName = Release;
		};
		4BCA90E72543CC20002BC285 /* Build configuration list for PBXNativeTarget "InstagramCloneUITests" */ = {
			isa = XCConfigurationList;
			buildConfigurations = (
				4BCA90E82543CC20002BC285 /* Debug */,
				4BCA90E92543CC20002BC285 /* Release */,
			);
			defaultConfigurationIsVisible = 0;
			defaultConfigurationName = Release;
		};
/* End XCConfigurationList section */
	};
	rootObject = 4BCA90AF2543CC1B002BC285 /* Project object */;
}
